
Microsoft Visual Studio Solution File, Format Version 12.00
# Visual Studio Version 17
VisualStudioVersion = 17.10.35013.160
MinimumVisualStudioVersion = 10.0.40219.1
Project("{FAE04EC0-301F-11D3-BF4B-00C04F79EFBC}") = "Data", "Data\Data.csproj", "{CC891C30-717A-4001-B8B2-687E5558E465}"
EndProject
Project("{FAE04EC0-301F-11D3-BF4B-00C04F79EFBC}") = "Logic", "Logic\Logic.csproj", "{A1629BAA-5293-437B-B823-36768FB70DF7}"
EndProject
Project("{FAE04EC0-301F-11D3-BF4B-00C04F79EFBC}") = "Presentation", "Presentation\Presentation.csproj", "{1845E2BA-EB8B-48D1-84FD-F67410ED0DBD}"
EndProject
Project("{FAE04EC0-301F-11D3-BF4B-00C04F79EFBC}") = "Model", "Model\Model.csproj", "{A1A49678-5CB2-4AD3-84E9-935CAA066379}"
EndProject
Global
	GlobalSection(SolutionConfigurationPlatforms) = preSolution
		Debug|Any CPU = Debug|Any CPU
		Release|Any CPU = Release|Any CPU
	EndGlobalSection
	GlobalSection(ProjectConfigurationPlatforms) = postSolution
		{CC891C30-717A-4001-B8B2-687E5558E465}.Debug|Any CPU.ActiveCfg = Debug|Any CPU
		{CC891C30-717A-4001-B8B2-687E5558E465}.Debug|Any CPU.Build.0 = Debug|Any CPU
		{CC891C30-717A-4001-B8B2-687E5558E465}.Release|Any CPU.ActiveCfg = Release|Any CPU
		{CC891C30-717A-4001-B8B2-687E5558E465}.Release|Any CPU.Build.0 = Release|Any CPU
		{A1629BAA-5293-437B-B823-36768FB70DF7}.Debug|Any CPU.ActiveCfg = Debug|Any CPU
		{A1629BAA-5293-437B-B823-36768FB70DF7}.Debug|Any CPU.Build.0 = Debug|Any CPU
		{A1629BAA-5293-437B-B823-36768FB70DF7}.Release|Any CPU.ActiveCfg = Release|Any CPU
		{A1629BAA-5293-437B-B823-36768FB70DF7}.Release|Any CPU.Build.0 = Release|Any CPU
		{1845E2BA-EB8B-48D1-84FD-F67410ED0DBD}.Debug|Any CPU.ActiveCfg = Debug|Any CPU
		{1845E2BA-EB8B-48D1-84FD-F67410ED0DBD}.Debug|Any CPU.Build.0 = Debug|Any CPU
		{1845E2BA-EB8B-48D1-84FD-F67410ED0DBD}.Release|Any CPU.ActiveCfg = Release|Any CPU
		{1845E2BA-EB8B-48D1-84FD-F67410ED0DBD}.Release|Any CPU.Build.0 = Release|Any CPU
		{A1A49678-5CB2-4AD3-84E9-935CAA066379}.Debug|Any CPU.ActiveCfg = Debug|Any CPU
		{A1A49678-5CB2-4AD3-84E9-935CAA066379}.Debug|Any CPU.Build.0 = Debug|Any CPU
		{A1A49678-5CB2-4AD3-84E9-935CAA066379}.Release|Any CPU.ActiveCfg = Release|Any CPU
		{A1A49678-5CB2-4AD3-84E9-935CAA066379}.Release|Any CPU.Build.0 = Release|Any CPU
	EndGlobalSection
	GlobalSection(SolutionProperties) = preSolution
		HideSolutionNode = FALSE
	EndGlobalSection
	GlobalSection(ExtensibilityGlobals) = postSolution
		SolutionGuid = {F7428B39-5525-4CC5-AC61-046ECDEFB88F}
	EndGlobalSection
EndGlobal
